
Microsoft Visual Studio Solution File, Format Version 12.00
# Visual Studio 14
VisualStudioVersion = 14.0.25420.1
MinimumVisualStudioVersion = 10.0.40219.1
Project("{FAE04EC0-301F-11D3-BF4B-00C04F79EFBC}") = "ShopThaoMoc", "ShopThaoMoc\ShopThaoMoc.csproj", "{F14B1E4C-8868-4735-B2D3-FBFC2C47590D}"
EndProject
Project("{FAE04EC0-301F-11D3-BF4B-00C04F79EFBC}") = "Model", "Model\Model.csproj", "{A58BD723-F8E5-4310-B7C5-4D9487988423}"
EndProject
Global
	GlobalSection(SolutionConfigurationPlatforms) = preSolution
		Debug|Any CPU = Debug|Any CPU
		Release|Any CPU = Release|Any CPU
	EndGlobalSection
	GlobalSection(ProjectConfigurationPlatforms) = postSolution
		{F14B1E4C-8868-4735-B2D3-FBFC2C47590D}.Debug|Any CPU.ActiveCfg = Debug|Any CPU
		{F14B1E4C-8868-4735-B2D3-FBFC2C47590D}.Debug|Any CPU.Build.0 = Debug|Any CPU
		{F14B1E4C-8868-4735-B2D3-FBFC2C47590D}.Release|Any CPU.ActiveCfg = Release|Any CPU
		{F14B1E4C-8868-4735-B2D3-FBFC2C47590D}.Release|Any CPU.Build.0 = Release|Any CPU
		{A58BD723-F8E5-4310-B7C5-4D9487988423}.Debug|Any CPU.ActiveCfg = Debug|Any CPU
		{A58BD723-F8E5-4310-B7C5-4D9487988423}.Debug|Any CPU.Build.0 = Debug|Any CPU
		{A58BD723-F8E5-4310-B7C5-4D9487988423}.Release|Any CPU.ActiveCfg = Release|Any CPU
		{A58BD723-F8E5-4310-B7C5-4D9487988423}.Release|Any CPU.Build.0 = Release|Any CPU
	EndGlobalSection
	GlobalSection(SolutionProperties) = preSolution
		HideSolutionNode = FALSE
	EndGlobalSection
EndGlobal
